// !$*UTF8*$!
{
	archiveVersion = 1;
	classes = {
	};
	objectVersion = 50;
	objects = {

/* Begin PBXBuildFile section */
		001A1468264150FD00A48069 /* CitySightsApp.swift in Sources */ = {isa = PBXBuildFile; fileRef = 001A1467264150FD00A48069 /* CitySightsApp.swift */; };
		001A146A264150FD00A48069 /* LaunchView.swift in Sources */ = {isa = PBXBuildFile; fileRef = 001A1469264150FD00A48069 /* LaunchView.swift */; };
		001A146C264150FF00A48069 /* Assets.xcassets in Resources */ = {isa = PBXBuildFile; fileRef = 001A146B264150FF00A48069 /* Assets.xcassets */; };
		001A146F264150FF00A48069 /* Preview Assets.xcassets in Resources */ = {isa = PBXBuildFile; fileRef = 001A146E264150FF00A48069 /* Preview Assets.xcassets */; };
		001A147B2641527100A48069 /* ContentModel.swift in Sources */ = {isa = PBXBuildFile; fileRef = 001A147A2641527100A48069 /* ContentModel.swift */; };
		001A147D2641FEB300A48069 /* Business.swift in Sources */ = {isa = PBXBuildFile; fileRef = 001A147C2641FEB300A48069 /* Business.swift */; };
		001A147F2642003800A48069 /* BusinessSearch.swift in Sources */ = {isa = PBXBuildFile; fileRef = 001A147E2642003800A48069 /* BusinessSearch.swift */; };
		001A14822642021800A48069 /* Constants.swift in Sources */ = {isa = PBXBuildFile; fileRef = 001A14812642021800A48069 /* Constants.swift */; };
		001A14872642046200A48069 /* HomeView.swift in Sources */ = {isa = PBXBuildFile; fileRef = 001A14862642046200A48069 /* HomeView.swift */; };
		001A148A2642080300A48069 /* BusinessList.swift in Sources */ = {isa = PBXBuildFile; fileRef = 001A14892642080300A48069 /* BusinessList.swift */; };
		001A148C264209F400A48069 /* BusinessSectionHeader.swift in Sources */ = {isa = PBXBuildFile; fileRef = 001A148B264209F400A48069 /* BusinessSectionHeader.swift */; };
		001A148E26420B1600A48069 /* BusinessSection.swift in Sources */ = {isa = PBXBuildFile; fileRef = 001A148D26420B1600A48069 /* BusinessSection.swift */; };
		001A149026420E8600A48069 /* BusinessRow.swift in Sources */ = {isa = PBXBuildFile; fileRef = 001A148F26420E8600A48069 /* BusinessRow.swift */; };
		001A14932642172F00A48069 /* BusinessDetailView.swift in Sources */ = {isa = PBXBuildFile; fileRef = 001A14922642172F00A48069 /* BusinessDetailView.swift */; };
		001A149626422A9100A48069 /* BusinessMap.swift in Sources */ = {isa = PBXBuildFile; fileRef = 001A149526422A9100A48069 /* BusinessMap.swift */; };
		001A149826423C7800A48069 /* DirectionsView.swift in Sources */ = {isa = PBXBuildFile; fileRef = 001A149726423C7800A48069 /* DirectionsView.swift */; };
		001A149A26423CD000A48069 /* BusinessTitle.swift in Sources */ = {isa = PBXBuildFile; fileRef = 001A149926423CD000A48069 /* BusinessTitle.swift */; };
		001A149C2642402F00A48069 /* DirectionsMap.swift in Sources */ = {isa = PBXBuildFile; fileRef = 001A149B2642402F00A48069 /* DirectionsMap.swift */; };
/* End PBXBuildFile section */

/* Begin PBXFileReference section */
		001A1464264150FD00A48069 /* City Sights App.app */ = {isa = PBXFileReference; explicitFileType = wrapper.application; includeInIndex = 0; path = "City Sights App.app"; sourceTree = BUILT_PRODUCTS_DIR; };
		001A1467264150FD00A48069 /* CitySightsApp.swift */ = {isa = PBXFileReference; lastKnownFileType = sourcecode.swift; path = CitySightsApp.swift; sourceTree = "<group>"; };
		001A1469264150FD00A48069 /* LaunchView.swift */ = {isa = PBXFileReference; lastKnownFileType = sourcecode.swift; path = LaunchView.swift; sourceTree = "<group>"; };
		001A146B264150FF00A48069 /* Assets.xcassets */ = {isa = PBXFileReference; lastKnownFileType = folder.assetcatalog; path = Assets.xcassets; sourceTree = "<group>"; };
		001A146E264150FF00A48069 /* Preview Assets.xcassets */ = {isa = PBXFileReference; lastKnownFileType = folder.assetcatalog; path = "Preview Assets.xcassets"; sourceTree = "<group>"; };
		001A1470264150FF00A48069 /* Info.plist */ = {isa = PBXFileReference; lastKnownFileType = text.plist.xml; path = Info.plist; sourceTree = "<group>"; };
		001A147A2641527100A48069 /* ContentModel.swift */ = {isa = PBXFileReference; lastKnownFileType = sourcecode.swift; path = ContentModel.swift; sourceTree = "<group>"; };
		001A147C2641FEB300A48069 /* Business.swift */ = {isa = PBXFileReference; lastKnownFileType = sourcecode.swift; path = Business.swift; sourceTree = "<group>"; };
		001A147E2642003800A48069 /* BusinessSearch.swift */ = {isa = PBXFileReference; lastKnownFileType = sourcecode.swift; path = BusinessSearch.swift; sourceTree = "<group>"; };
		001A14812642021800A48069 /* Constants.swift */ = {isa = PBXFileReference; lastKnownFileType = sourcecode.swift; path = Constants.swift; sourceTree = "<group>"; };
		001A14862642046200A48069 /* HomeView.swift */ = {isa = PBXFileReference; lastKnownFileType = sourcecode.swift; path = HomeView.swift; sourceTree = "<group>"; };
		001A14892642080300A48069 /* BusinessList.swift */ = {isa = PBXFileReference; lastKnownFileType = sourcecode.swift; path = BusinessList.swift; sourceTree = "<group>"; };
		001A148B264209F400A48069 /* BusinessSectionHeader.swift */ = {isa = PBXFileReference; lastKnownFileType = sourcecode.swift; path = BusinessSectionHeader.swift; sourceTree = "<group>"; };
		001A148D26420B1600A48069 /* BusinessSection.swift */ = {isa = PBXFileReference; lastKnownFileType = sourcecode.swift; path = BusinessSection.swift; sourceTree = "<group>"; };
		001A148F26420E8600A48069 /* BusinessRow.swift */ = {isa = PBXFileReference; lastKnownFileType = sourcecode.swift; path = BusinessRow.swift; sourceTree = "<group>"; };
		001A14922642172F00A48069 /* BusinessDetailView.swift */ = {isa = PBXFileReference; lastKnownFileType = sourcecode.swift; path = BusinessDetailView.swift; sourceTree = "<group>"; };
		001A149526422A9100A48069 /* BusinessMap.swift */ = {isa = PBXFileReference; lastKnownFileType = sourcecode.swift; path = BusinessMap.swift; sourceTree = "<group>"; };
		001A149726423C7800A48069 /* DirectionsView.swift */ = {isa = PBXFileReference; lastKnownFileType = sourcecode.swift; path = DirectionsView.swift; sourceTree = "<group>"; };
		001A149926423CD000A48069 /* BusinessTitle.swift */ = {isa = PBXFileReference; lastKnownFileType = sourcecode.swift; path = BusinessTitle.swift; sourceTree = "<group>"; };
		001A149B2642402F00A48069 /* DirectionsMap.swift */ = {isa = PBXFileReference; lastKnownFileType = sourcecode.swift; path = DirectionsMap.swift; sourceTree = "<group>"; };
/* End PBXFileReference section */

/* Begin PBXFrameworksBuildPhase section */
		001A1461264150FD00A48069 /* Frameworks */ = {
			isa = PBXFrameworksBuildPhase;
			buildActionMask = 2147483647;
			files = (
			);
			runOnlyForDeploymentPostprocessing = 0;
		};
/* End PBXFrameworksBuildPhase section */

/* Begin PBXGroup section */
		001A145B264150FD00A48069 = {
			isa = PBXGroup;
			children = (
				001A1466264150FD00A48069 /* City Sights App */,
				001A1465264150FD00A48069 /* Products */,
			);
			sourceTree = "<group>";
		};
		001A1465264150FD00A48069 /* Products */ = {
			isa = PBXGroup;
			children = (
				001A1464264150FD00A48069 /* City Sights App.app */,
			);
			name = Products;
			sourceTree = "<group>";
		};
		001A1466264150FD00A48069 /* City Sights App */ = {
			isa = PBXGroup;
			children = (
				001A1467264150FD00A48069 /* CitySightsApp.swift */,
				001A14762641511900A48069 /* Views */,
				001A14792641512900A48069 /* ViewModels */,
				001A14772641511D00A48069 /* Models */,
				001A14802642020100A48069 /* Helpers */,
				001A146B264150FF00A48069 /* Assets.xcassets */,
				001A1470264150FF00A48069 /* Info.plist */,
				001A146D264150FF00A48069 /* Preview Content */,
			);
			path = "City Sights App";
			sourceTree = "<group>";
		};
		001A146D264150FF00A48069 /* Preview Content */ = {
			isa = PBXGroup;
			children = (
				001A146E264150FF00A48069 /* Preview Assets.xcassets */,
			);
			path = "Preview Content";
			sourceTree = "<group>";
		};
		001A14762641511900A48069 /* Views */ = {
			isa = PBXGroup;
			children = (
				001A1469264150FD00A48069 /* LaunchView.swift */,
				001A14852642045400A48069 /* Home */,
				001A14842642044F00A48069 /* Denied */,
				001A14832642044600A48069 /* Onboarding */,
			);
			path = Views;
			sourceTree = "<group>";
		};
		001A14772641511D00A48069 /* Models */ = {
			isa = PBXGroup;
			children = (
				001A147C2641FEB300A48069 /* Business.swift */,
				001A147E2642003800A48069 /* BusinessSearch.swift */,
			);
			path = Models;
			sourceTree = "<group>";
		};
		001A14792641512900A48069 /* ViewModels */ = {
			isa = PBXGroup;
			children = (
				001A147A2641527100A48069 /* ContentModel.swift */,
			);
			path = ViewModels;
			sourceTree = "<group>";
		};
		001A14802642020100A48069 /* Helpers */ = {
			isa = PBXGroup;
			children = (
				001A14812642021800A48069 /* Constants.swift */,
			);
			path = Helpers;
			sourceTree = "<group>";
		};
		001A14832642044600A48069 /* Onboarding */ = {
			isa = PBXGroup;
			children = (
			);
			path = Onboarding;
			sourceTree = "<group>";
		};
		001A14842642044F00A48069 /* Denied */ = {
			isa = PBXGroup;
			children = (
			);
			path = Denied;
			sourceTree = "<group>";
		};
		001A14852642045400A48069 /* Home */ = {
			isa = PBXGroup;
			children = (
				001A14862642046200A48069 /* HomeView.swift */,
				001A149426422A6A00A48069 /* Map */,
				001A14912642171700A48069 /* Detail */,
				001A1488264207F400A48069 /* List */,
			);
			path = Home;
			sourceTree = "<group>";
		};
		001A1488264207F400A48069 /* List */ = {
			isa = PBXGroup;
			children = (
				001A14892642080300A48069 /* BusinessList.swift */,
				001A148B264209F400A48069 /* BusinessSectionHeader.swift */,
				001A148D26420B1600A48069 /* BusinessSection.swift */,
				001A148F26420E8600A48069 /* BusinessRow.swift */,
			);
			path = List;
			sourceTree = "<group>";
		};
		001A14912642171700A48069 /* Detail */ = {
			isa = PBXGroup;
			children = (
				001A14922642172F00A48069 /* BusinessDetailView.swift */,
				001A149726423C7800A48069 /* DirectionsView.swift */,
				001A149926423CD000A48069 /* BusinessTitle.swift */,
			);
			path = Detail;
			sourceTree = "<group>";
		};
		001A149426422A6A00A48069 /* Map */ = {
			isa = PBXGroup;
			children = (
				001A149526422A9100A48069 /* BusinessMap.swift */,
				001A149B2642402F00A48069 /* DirectionsMap.swift */,
			);
			path = Map;
			sourceTree = "<group>";
		};
/* End PBXGroup section */

/* Begin PBXNativeTarget section */
		001A1463264150FD00A48069 /* City Sights App */ = {
			isa = PBXNativeTarget;
			buildConfigurationList = 001A1473264150FF00A48069 /* Build configuration list for PBXNativeTarget "City Sights App" */;
			buildPhases = (
				001A1460264150FD00A48069 /* Sources */,
				001A1461264150FD00A48069 /* Frameworks */,
				001A1462264150FD00A48069 /* Resources */,
			);
			buildRules = (
			);
			dependencies = (
			);
			name = "City Sights App";
			productName = "City Sights App";
			productReference = 001A1464264150FD00A48069 /* City Sights App.app */;
			productType = "com.apple.product-type.application";
		};
/* End PBXNativeTarget section */

/* Begin PBXProject section */
		001A145C264150FD00A48069 /* Project object */ = {
			isa = PBXProject;
			attributes = {
				LastSwiftUpdateCheck = 1250;
				LastUpgradeCheck = 1250;
				TargetAttributes = {
					001A1463264150FD00A48069 = {
						CreatedOnToolsVersion = 12.5;
					};
				};
			};
			buildConfigurationList = 001A145F264150FD00A48069 /* Build configuration list for PBXProject "City Sights App" */;
			compatibilityVersion = "Xcode 9.3";
			developmentRegion = en;
			hasScannedForEncodings = 0;
			knownRegions = (
				en,
				Base,
			);
			mainGroup = 001A145B264150FD00A48069;
			productRefGroup = 001A1465264150FD00A48069 /* Products */;
			projectDirPath = "";
			projectRoot = "";
			targets = (
				001A1463264150FD00A48069 /* City Sights App */,
			);
		};
/* End PBXProject section */

/* Begin PBXResourcesBuildPhase section */
		001A1462264150FD00A48069 /* Resources */ = {
			isa = PBXResourcesBuildPhase;
			buildActionMask = 2147483647;
			files = (
				001A146F264150FF00A48069 /* Preview Assets.xcassets in Resources */,
				001A146C264150FF00A48069 /* Assets.xcassets in Resources */,
			);
			runOnlyForDeploymentPostprocessing = 0;
		};
/* End PBXResourcesBuildPhase section */

/* Begin PBXSourcesBuildPhase section */
		001A1460264150FD00A48069 /* Sources */ = {
			isa = PBXSourcesBuildPhase;
			buildActionMask = 2147483647;
			files = (
				001A149C2642402F00A48069 /* DirectionsMap.swift in Sources */,
				001A146A264150FD00A48069 /* LaunchView.swift in Sources */,
				001A14932642172F00A48069 /* BusinessDetailView.swift in Sources */,
				001A149826423C7800A48069 /* DirectionsView.swift in Sources */,
				001A149026420E8600A48069 /* BusinessRow.swift in Sources */,
				001A14872642046200A48069 /* HomeView.swift in Sources */,
				001A147D2641FEB300A48069 /* Business.swift in Sources */,
				001A148C264209F400A48069 /* BusinessSectionHeader.swift in Sources */,
				001A1468264150FD00A48069 /* CitySightsApp.swift in Sources */,
				001A147F2642003800A48069 /* BusinessSearch.swift in Sources */,
				001A149A26423CD000A48069 /* BusinessTitle.swift in Sources */,
				001A148A2642080300A48069 /* BusinessList.swift in Sources */,
				001A149626422A9100A48069 /* BusinessMap.swift in Sources */,
				001A148E26420B1600A48069 /* BusinessSection.swift in Sources */,
				001A147B2641527100A48069 /* ContentModel.swift in Sources */,
				001A14822642021800A48069 /* Constants.swift in Sources */,
			);
			runOnlyForDeploymentPostprocessing = 0;
		};
/* End PBXSourcesBuildPhase section */

/* Begin XCBuildConfiguration section */
		001A1471264150FF00A48069 /* Debug */ = {
			isa = XCBuildConfiguration;
			buildSettings = {
				ALWAYS_SEARCH_USER_PATHS = NO;
				CLANG_ANALYZER_NONNULL = YES;
				CLANG_ANALYZER_NUMBER_OBJECT_CONVERSION = YES_AGGRESSIVE;
				CLANG_CXX_LANGUAGE_STANDARD = "gnu++14";
				CLANG_CXX_LIBRARY = "libc++";
				CLANG_ENABLE_MODULES = YES;
				CLANG_ENABLE_OBJC_ARC = YES;
				CLANG_ENABLE_OBJC_WEAK = YES;
				CLANG_WARN_BLOCK_CAPTURE_AUTORELEASING = YES;
				CLANG_WARN_BOOL_CONVERSION = YES;
				CLANG_WARN_COMMA = YES;
				CLANG_WARN_CONSTANT_CONVERSION = YES;
				CLANG_WARN_DEPRECATED_OBJC_IMPLEMENTATIONS = YES;
				CLANG_WARN_DIRECT_OBJC_ISA_USAGE = YES_ERROR;
				CLANG_WARN_DOCUMENTATION_COMMENTS = YES;
				CLANG_WARN_EMPTY_BODY = YES;
				CLANG_WARN_ENUM_CONVERSION = YES;
				CLANG_WARN_INFINITE_RECURSION = YES;
				CLANG_WARN_INT_CONVERSION = YES;
				CLANG_WARN_NON_LITERAL_NULL_CONVERSION = YES;
				CLANG_WARN_OBJC_IMPLICIT_RETAIN_SELF = YES;
				CLANG_WARN_OBJC_LITERAL_CONVERSION = YES;
				CLANG_WARN_OBJC_ROOT_CLASS = YES_ERROR;
				CLANG_WARN_QUOTED_INCLUDE_IN_FRAMEWORK_HEADER = YES;
				CLANG_WARN_RANGE_LOOP_ANALYSIS = YES;
				CLANG_WARN_STRICT_PROTOTYPES = YES;
				CLANG_WARN_SUSPICIOUS_MOVE = YES;
				CLANG_WARN_UNGUARDED_AVAILABILITY = YES_AGGRESSIVE;
				CLANG_WARN_UNREACHABLE_CODE = YES;
				CLANG_WARN__DUPLICATE_METHOD_MATCH = YES;
				COPY_PHASE_STRIP = NO;
				DEBUG_INFORMATION_FORMAT = dwarf;
				ENABLE_STRICT_OBJC_MSGSEND = YES;
				ENABLE_TESTABILITY = YES;
				GCC_C_LANGUAGE_STANDARD = gnu11;
				GCC_DYNAMIC_NO_PIC = NO;
				GCC_NO_COMMON_BLOCKS = YES;
				GCC_OPTIMIZATION_LEVEL = 0;
				GCC_PREPROCESSOR_DEFINITIONS = (
					"DEBUG=1",
					"$(inherited)",
				);
				GCC_WARN_64_TO_32_BIT_CONVERSION = YES;
				GCC_WARN_ABOUT_RETURN_TYPE = YES_ERROR;
				GCC_WARN_UNDECLARED_SELECTOR = YES;
				GCC_WARN_UNINITIALIZED_AUTOS = YES_AGGRESSIVE;
				GCC_WARN_UNUSED_FUNCTION = YES;
				GCC_WARN_UNUSED_VARIABLE = YES;
				IPHONEOS_DEPLOYMENT_TARGET = 14.5;
				MTL_ENABLE_DEBUG_INFO = INCLUDE_SOURCE;
				MTL_FAST_MATH = YES;
				ONLY_ACTIVE_ARCH = YES;
				SDKROOT = iphoneos;
				SWIFT_ACTIVE_COMPILATION_CONDITIONS = DEBUG;
				SWIFT_OPTIMIZATION_LEVEL = "-Onone";
			};
			name = Debug;
		};
		001A1472264150FF00A48069 /* Release */ = {
			isa = XCBuildConfiguration;
			buildSettings = {
				ALWAYS_SEARCH_USER_PATHS = NO;
				CLANG_ANALYZER_NONNULL = YES;
				CLANG_ANALYZER_NUMBER_OBJECT_CONVERSION = YES_AGGRESSIVE;
				CLANG_CXX_LANGUAGE_STANDARD = "gnu++14";
				CLANG_CXX_LIBRARY = "libc++";
				CLANG_ENABLE_MODULES = YES;
				CLANG_ENABLE_OBJC_ARC = YES;
				CLANG_ENABLE_OBJC_WEAK = YES;
				CLANG_WARN_BLOCK_CAPTURE_AUTORELEASING = YES;
				CLANG_WARN_BOOL_CONVERSION = YES;
				CLANG_WARN_COMMA = YES;
				CLANG_WARN_CONSTANT_CONVERSION = YES;
				CLANG_WARN_DEPRECATED_OBJC_IMPLEMENTATIONS = YES;
				CLANG_WARN_DIRECT_OBJC_ISA_USAGE = YES_ERROR;
				CLANG_WARN_DOCUMENTATION_COMMENTS = YES;
				CLANG_WARN_EMPTY_BODY = YES;
				CLANG_WARN_ENUM_CONVERSION = YES;
				CLANG_WARN_INFINITE_RECURSION = YES;
				CLANG_WARN_INT_CONVERSION = YES;
				CLANG_WARN_NON_LITERAL_NULL_CONVERSION = YES;
				CLANG_WARN_OBJC_IMPLICIT_RETAIN_SELF = YES;
				CLANG_WARN_OBJC_LITERAL_CONVERSION = YES;
				CLANG_WARN_OBJC_ROOT_CLASS = YES_ERROR;
				CLANG_WARN_QUOTED_INCLUDE_IN_FRAMEWORK_HEADER = YES;
				CLANG_WARN_RANGE_LOOP_ANALYSIS = YES;
				CLANG_WARN_STRICT_PROTOTYPES = YES;
				CLANG_WARN_SUSPICIOUS_MOVE = YES;
				CLANG_WARN_UNGUARDED_AVAILABILITY = YES_AGGRESSIVE;
				CLANG_WARN_UNREACHABLE_CODE = YES;
				CLANG_WARN__DUPLICATE_METHOD_MATCH = YES;
				COPY_PHASE_STRIP = NO;
				DEBUG_INFORMATION_FORMAT = "dwarf-with-dsym";
				ENABLE_NS_ASSERTIONS = NO;
				ENABLE_STRICT_OBJC_MSGSEND = YES;
				GCC_C_LANGUAGE_STANDARD = gnu11;
				GCC_NO_COMMON_BLOCKS = YES;
				GCC_WARN_64_TO_32_BIT_CONVERSION = YES;
				GCC_WARN_ABOUT_RETURN_TYPE = YES_ERROR;
				GCC_WARN_UNDECLARED_SELECTOR = YES;
				GCC_WARN_UNINITIALIZED_AUTOS = YES_AGGRESSIVE;
				GCC_WARN_UNUSED_FUNCTION = YES;
				GCC_WARN_UNUSED_VARIABLE = YES;
				IPHONEOS_DEPLOYMENT_TARGET = 14.5;
				MTL_ENABLE_DEBUG_INFO = NO;
				MTL_FAST_MATH = YES;
				SDKROOT = iphoneos;
				SWIFT_COMPILATION_MODE = wholemodule;
				SWIFT_OPTIMIZATION_LEVEL = "-O";
				VALIDATE_PRODUCT = YES;
			};
			name = Release;
		};
		001A1474264150FF00A48069 /* Debug */ = {
			isa = XCBuildConfiguration;
			buildSettings = {
				ASSETCATALOG_COMPILER_APPICON_NAME = AppIcon;
				ASSETCATALOG_COMPILER_GLOBAL_ACCENT_COLOR_NAME = AccentColor;
				CODE_SIGN_STYLE = Automatic;
				DEVELOPMENT_ASSET_PATHS = "\"City Sights App/Preview Content\"";
				DEVELOPMENT_TEAM = 53VC38FJ7J;
				ENABLE_PREVIEWS = YES;
				INFOPLIST_FILE = "City Sights App/Info.plist";
				IPHONEOS_DEPLOYMENT_TARGET = 14.0;
				LD_RUNPATH_SEARCH_PATHS = (
					"$(inherited)",
					"@executable_path/Frameworks",
				);
				PRODUCT_BUNDLE_IDENTIFIER = "Uth.City-Sights-App";
				PRODUCT_NAME = "$(TARGET_NAME)";
				SWIFT_VERSION = 5.0;
				TARGETED_DEVICE_FAMILY = "1,2";
			};
			name = Debug;
		};
		001A1475264150FF00A48069 /* Release */ = {
			isa = XCBuildConfiguration;
			buildSettings = {
				ASSETCATALOG_COMPILER_APPICON_NAME = AppIcon;
				ASSETCATALOG_COMPILER_GLOBAL_ACCENT_COLOR_NAME = AccentColor;
				CODE_SIGN_STYLE = Automatic;
				DEVELOPMENT_ASSET_PATHS = "\"City Sights App/Preview Content\"";
				DEVELOPMENT_TEAM = 53VC38FJ7J;
				ENABLE_PREVIEWS = YES;
				INFOPLIST_FILE = "City Sights App/Info.plist";
				IPHONEOS_DEPLOYMENT_TARGET = 14.0;
				LD_RUNPATH_SEARCH_PATHS = (
					"$(inherited)",
					"@executable_path/Frameworks",
				);
				PRODUCT_BUNDLE_IDENTIFIER = "Uth.City-Sights-App";
				PRODUCT_NAME = "$(TARGET_NAME)";
				SWIFT_VERSION = 5.0;
				TARGETED_DEVICE_FAMILY = "1,2";
			};
			name = Release;
		};
/* End XCBuildConfiguration section */

/* Begin XCConfigurationList section */
		001A145F264150FD00A48069 /* Build configuration list for PBXProject "City Sights App" */ = {
			isa = XCConfigurationList;
			buildConfigurations = (
				001A1471264150FF00A48069 /* Debug */,
				001A1472264150FF00A48069 /* Release */,
			);
			defaultConfigurationIsVisible = 0;
			defaultConfigurationName = Release;
		};
		001A1473264150FF00A48069 /* Build configuration list for PBXNativeTarget "City Sights App" */ = {
			isa = XCConfigurationList;
			buildConfigurations = (
				001A1474264150FF00A48069 /* Debug */,
				001A1475264150FF00A48069 /* Release */,
			);
			defaultConfigurationIsVisible = 0;
			defaultConfigurationName = Release;
		};
/* End XCConfigurationList section */
	};
	rootObject = 001A145C264150FD00A48069 /* Project object */;
}
